
Microsoft Visual Studio Solution File, Format Version 12.00
# Visual Studio Version 16
VisualStudioVersion = 16.0.31105.61
MinimumVisualStudioVersion = 10.0.40219.1
Project("{9A19103F-16F7-4668-BE54-9A1E7A4F7556}") = "SecureShopBusinessLogic", "SecureShopBusinessLogic\SecureShopBusinessLogic.csproj", "{FB56D780-C39E-4CBB-9523-3F2299F19EF3}"
EndProject
Project("{FAE04EC0-301F-11D3-BF4B-00C04F79EFBC}") = "SecureShopView", "SecureShopView\SecureShopView.csproj", "{6E70E66C-55E7-4C9F-8B9B-826DD307B871}"
EndProject
Project("{9A19103F-16F7-4668-BE54-9A1E7A4F7556}") = "SecureShopListImplement", "SecureShopListImplement\SecureShopListImplement.csproj", "{4F530700-8C4D-400B-BCC7-4ABB0E21E14B}"
EndProject
Project("{9A19103F-16F7-4668-BE54-9A1E7A4F7556}") = "SecureShopFileImplement", "SecureShopFileImplement\SecureShopFileImplement.csproj", "{AFD0A357-CA7A-497E-B221-D2D5B7A14B78}"
EndProject
Project("{9A19103F-16F7-4668-BE54-9A1E7A4F7556}") = "SecureShopDatabaseImplement", "SecureShopDatabaseImplement\SecureShopDatabaseImplement.csproj", "{32905E14-4AE5-4DFC-841C-8D7BEE46FE28}"
EndProject
Global
	GlobalSection(SolutionConfigurationPlatforms) = preSolution
		Debug|Any CPU = Debug|Any CPU
		Release|Any CPU = Release|Any CPU
	EndGlobalSection
	GlobalSection(ProjectConfigurationPlatforms) = postSolution
		{FB56D780-C39E-4CBB-9523-3F2299F19EF3}.Debug|Any CPU.ActiveCfg = Debug|Any CPU
		{FB56D780-C39E-4CBB-9523-3F2299F19EF3}.Debug|Any CPU.Build.0 = Debug|Any CPU
		{FB56D780-C39E-4CBB-9523-3F2299F19EF3}.Release|Any CPU.ActiveCfg = Release|Any CPU
		{FB56D780-C39E-4CBB-9523-3F2299F19EF3}.Release|Any CPU.Build.0 = Release|Any CPU
		{6E70E66C-55E7-4C9F-8B9B-826DD307B871}.Debug|Any CPU.ActiveCfg = Debug|Any CPU
		{6E70E66C-55E7-4C9F-8B9B-826DD307B871}.Debug|Any CPU.Build.0 = Debug|Any CPU
		{6E70E66C-55E7-4C9F-8B9B-826DD307B871}.Release|Any CPU.ActiveCfg = Release|Any CPU
		{6E70E66C-55E7-4C9F-8B9B-826DD307B871}.Release|Any CPU.Build.0 = Release|Any CPU
		{4F530700-8C4D-400B-BCC7-4ABB0E21E14B}.Debug|Any CPU.ActiveCfg = Debug|Any CPU
		{4F530700-8C4D-400B-BCC7-4ABB0E21E14B}.Debug|Any CPU.Build.0 = Debug|Any CPU
		{4F530700-8C4D-400B-BCC7-4ABB0E21E14B}.Release|Any CPU.ActiveCfg = Release|Any CPU
		{4F530700-8C4D-400B-BCC7-4ABB0E21E14B}.Release|Any CPU.Build.0 = Release|Any CPU
		{AFD0A357-CA7A-497E-B221-D2D5B7A14B78}.Debug|Any CPU.ActiveCfg = Debug|Any CPU
		{AFD0A357-CA7A-497E-B221-D2D5B7A14B78}.Debug|Any CPU.Build.0 = Debug|Any CPU
		{AFD0A357-CA7A-497E-B221-D2D5B7A14B78}.Release|Any CPU.ActiveCfg = Release|Any CPU
		{AFD0A357-CA7A-497E-B221-D2D5B7A14B78}.Release|Any CPU.Build.0 = Release|Any CPU
		{32905E14-4AE5-4DFC-841C-8D7BEE46FE28}.Debug|Any CPU.ActiveCfg = Debug|Any CPU
		{32905E14-4AE5-4DFC-841C-8D7BEE46FE28}.Debug|Any CPU.Build.0 = Debug|Any CPU
		{32905E14-4AE5-4DFC-841C-8D7BEE46FE28}.Release|Any CPU.ActiveCfg = Release|Any CPU
		{32905E14-4AE5-4DFC-841C-8D7BEE46FE28}.Release|Any CPU.Build.0 = Release|Any CPU
	EndGlobalSection
	GlobalSection(SolutionProperties) = preSolution
		HideSolutionNode = FALSE
	EndGlobalSection
	GlobalSection(ExtensibilityGlobals) = postSolution
		SolutionGuid = {2AF3218E-0F7E-459C-ACA1-36070666DDBF}
	EndGlobalSection
EndGlobal
